<?xml version="1.0" encoding="utf-8"?>
<Project ToolsVersion="4.0" xmlns="http://schemas.microsoft.com/developer/msbuild/2003">
  <ItemGroup>
    <Filter Include="Source Files">
      <UniqueIdentifier>{4FC737F1-C7A5-4376-A066-2A32D752A2FF}</UniqueIdentifier>
      <Extensions>cpp;c;cc;cxx;def;odl;idl;hpj;bat;asm;asmx</Extensions>
    </Filter>
    <Filter Include="Header Files">
      <UniqueIdentifier>{93995380-89BD-4b04-88EB-625FBE52EBFB}</UniqueIdentifier>
      <Extensions>h;hh;hpp;hxx;hm;inl;inc;xsd</Extensions>
    </Filter>
    <Filter Include="Resource Files">
      <UniqueIdentifier>{67DA6AB6-F800-4c08-8B7A-83BB121AAD01}</UniqueIdentifier>
      <Extensions>rc;ico;cur;bmp;dlg;rc2;rct;bin;rgs;gif;jpg;jpeg;jpe;resx;tiff;tif;png;wav;mfcribbon-ms</Extensions>
    </Filter>
    <Filter Include="Shaders">
      <UniqueIdentifier>{03593123-74e3-4ac7-84ac-4a3b961435f0}</UniqueIdentifier>
    </Filter>
    <Filter Include="Core">
      <UniqueIdentifier>{6a7a3b59-06f9-4151-873d-7dbfd7da8a75}</UniqueIdentifier>
    </Filter>
    <Filter Include="Shapes">
      <UniqueIdentifier>{bc81b863-21f3-4e03-8f16-fb709761a1a6}</UniqueIdentifier>
    </Filter>
    <Filter Include="Peripheral">
      <UniqueIdentifier>{d4836eff-5025-49b7-97ed-66c218bd0c23}</UniqueIdentifier>
    </Filter>
  </ItemGroup>
  <ItemGroup>
    <ClCompile Include="main.cpp">
      <Filter>Source Files</Filter>
    </ClCompile>
    <ClCompile Include="Shader_loader.cpp">
      <Filter>Core</Filter>
    </ClCompile>
    <ClCompile Include="Triangle.cpp">
      <Filter>Shapes</Filter>
    </ClCompile>
    <ClCompile Include="Square.cpp">
      <Filter>Shapes</Filter>
    </ClCompile>
    <ClCompile Include="Init.cpp">
      <Filter>Core</Filter>
    </ClCompile>
    <ClCompile Include="TextureLoader.cpp">
      <Filter>Core</Filter>
    </ClCompile>
    <ClCompile Include="TextRenderer.cpp">
      <Filter>Core</Filter>
    </ClCompile>
    <ClCompile Include="ScreenManager.cpp">
      <Filter>Core</Filter>
    </ClCompile>
    <ClCompile Include="Square2D.cpp">
      <Filter>Shapes</Filter>
    </ClCompile>
    <ClCompile Include="MotionReader.cpp">
      <Filter>Peripheral</Filter>
    </ClCompile>
    <ClCompile Include="RewardDelivery.cpp">
      <Filter>Peripheral</Filter>
    </ClCompile>
    <ClCompile Include="Camera.cpp">
      <Filter>Core</Filter>
    </ClCompile>
  </ItemGroup>
  <ItemGroup>
    <ClInclude Include="Shader_Loader.h">
      <Filter>Core</Filter>
    </ClInclude>
    <ClInclude Include="Triangle.h">
      <Filter>Shapes</Filter>
    </ClInclude>
    <ClInclude Include="Square.h">
      <Filter>Shapes</Filter>
    </ClInclude>
    <ClInclude Include="Init.h">
      <Filter>Core</Filter>
    </ClInclude>
    <ClInclude Include="TextureLoader.h">
      <Filter>Core</Filter>
    </ClInclude>
    <ClInclude Include="TextRenderer.h">
      <Filter>Core</Filter>
    </ClInclude>
    <ClInclude Include="ScreenManager.h">
      <Filter>Core</Filter>
    </ClInclude>
    <ClInclude Include="Square2D.h">
      <Filter>Shapes</Filter>
    </ClInclude>
    <ClInclude Include="MotionReader.h">
      <Filter>Peripheral</Filter>
    </ClInclude>
    <ClInclude Include="RewardDelivery.h">
      <Filter>Peripheral</Filter>
    </ClInclude>
    <ClInclude Include="Camera.h">
      <Filter>Core</Filter>
    </ClInclude>
  </ItemGroup>
  <ItemGroup>
    <None Include="Shaders\fragment_shader.glsl">
      <Filter>Shaders</Filter>
    </None>
    <None Include="Shaders\vertex_shader.glsl">
      <Filter>Shaders</Filter>
    </None>
    <None Include="Shaders\text_fs.glsl">
      <Filter>Shaders</Filter>
    </None>
    <None Include="Shaders\text_vs.glsl">
      <Filter>Shaders</Filter>
    </None>
    <None Include="Shaders\simple_vertex_shader.glsl">
      <Filter>Shaders</Filter>
    </None>
    <None Include="Shaders\simple_fragment_shader.glsl">
      <Filter>Shaders</Filter>
    </None>
    <None Include="Shaders\vertex_shader_2D.glsl">
      <Filter>Shaders</Filter>
    </None>
    <None Include="Shaders\fragment_shader_2D.glsl">
      <Filter>Shaders</Filter>
    </None>
    <None Include="Shaders\gabor_vertex_shader.glsl">
      <Filter>Shaders</Filter>
    </None>
    <None Include="Shaders\gabor_fragment_shader.glsl">
      <Filter>Shaders</Filter>
    </None>
    <None Include="Shaders\aperture_fragment_shader.glsl">
      <Filter>Shaders</Filter>
    </None>
    <None Include="Shaders\aperture_vertex_shader.glsl">
      <Filter>Shaders</Filter>
    </None>
  </ItemGroup>
  <ItemGroup>
    <Text Include="Changelog.txt" />
  </ItemGroup>
</Project>