
Microsoft Visual Studio Solution File, Format Version 12.00
# Visual Studio 2013
VisualStudioVersion = 12.0.31101.0
MinimumVisualStudioVersion = 10.0.40219.1
Project("{FAE04EC0-301F-11D3-BF4B-00C04F79EFBC}") = "Photosensor", "Photosensor\Photosensor.csproj", "{4355724F-8500-488E-B5E4-8B4C948819FC}"
EndProject
Project("{FAE04EC0-301F-11D3-BF4B-00C04F79EFBC}") = "Motionsensor", "Motionsensor\Motionsensor.csproj", "{4AC46EDB-3770-45D9-AECC-40627AD366BA}"
EndProject
Project("{FAE04EC0-301F-11D3-BF4B-00C04F79EFBC}") = "Relay", "Relay\Relay.csproj", "{91E196E1-CFE9-4B57-B9FD-4D54D0098DD3}"
EndProject
Project("{FAE04EC0-301F-11D3-BF4B-00C04F79EFBC}") = "vrClient", "vrClient\vrClient.csproj", "{B7B72689-7C50-4A34-A556-7C594BE66A86}"
EndProject
Project("{FAE04EC0-301F-11D3-BF4B-00C04F79EFBC}") = "NetworkTest", "NetworkTest\NetworkTest.csproj", "{89142A2F-8D57-46A1-A8C4-A9C5FBD2DC43}"
EndProject
Global
	GlobalSection(SolutionConfigurationPlatforms) = preSolution
		Debug|Any CPU = Debug|Any CPU
		Release|Any CPU = Release|Any CPU
	EndGlobalSection
	GlobalSection(ProjectConfigurationPlatforms) = postSolution
		{4355724F-8500-488E-B5E4-8B4C948819FC}.Debug|Any CPU.ActiveCfg = Debug|Any CPU
		{4355724F-8500-488E-B5E4-8B4C948819FC}.Debug|Any CPU.Build.0 = Debug|Any CPU
		{4355724F-8500-488E-B5E4-8B4C948819FC}.Release|Any CPU.ActiveCfg = Release|Any CPU
		{4355724F-8500-488E-B5E4-8B4C948819FC}.Release|Any CPU.Build.0 = Release|Any CPU
		{4AC46EDB-3770-45D9-AECC-40627AD366BA}.Debug|Any CPU.ActiveCfg = Debug|Any CPU
		{4AC46EDB-3770-45D9-AECC-40627AD366BA}.Debug|Any CPU.Build.0 = Debug|Any CPU
		{4AC46EDB-3770-45D9-AECC-40627AD366BA}.Release|Any CPU.ActiveCfg = Release|Any CPU
		{4AC46EDB-3770-45D9-AECC-40627AD366BA}.Release|Any CPU.Build.0 = Release|Any CPU
		{91E196E1-CFE9-4B57-B9FD-4D54D0098DD3}.Debug|Any CPU.ActiveCfg = Debug|Any CPU
		{91E196E1-CFE9-4B57-B9FD-4D54D0098DD3}.Debug|Any CPU.Build.0 = Debug|Any CPU
		{91E196E1-CFE9-4B57-B9FD-4D54D0098DD3}.Release|Any CPU.ActiveCfg = Release|Any CPU
		{91E196E1-CFE9-4B57-B9FD-4D54D0098DD3}.Release|Any CPU.Build.0 = Release|Any CPU
		{B7B72689-7C50-4A34-A556-7C594BE66A86}.Debug|Any CPU.ActiveCfg = Debug|Any CPU
		{B7B72689-7C50-4A34-A556-7C594BE66A86}.Debug|Any CPU.Build.0 = Debug|Any CPU
		{B7B72689-7C50-4A34-A556-7C594BE66A86}.Release|Any CPU.ActiveCfg = Release|Any CPU
		{B7B72689-7C50-4A34-A556-7C594BE66A86}.Release|Any CPU.Build.0 = Release|Any CPU
		{89142A2F-8D57-46A1-A8C4-A9C5FBD2DC43}.Debug|Any CPU.ActiveCfg = Debug|Any CPU
		{89142A2F-8D57-46A1-A8C4-A9C5FBD2DC43}.Debug|Any CPU.Build.0 = Debug|Any CPU
		{89142A2F-8D57-46A1-A8C4-A9C5FBD2DC43}.Release|Any CPU.ActiveCfg = Release|Any CPU
		{89142A2F-8D57-46A1-A8C4-A9C5FBD2DC43}.Release|Any CPU.Build.0 = Release|Any CPU
	EndGlobalSection
	GlobalSection(SolutionProperties) = preSolution
		HideSolutionNode = FALSE
	EndGlobalSection
EndGlobal
